
Microsoft Visual Studio Solution File, Format Version 12.00
# Visual Studio Version 17
VisualStudioVersion = 17.0.31903.59
MinimumVisualStudioVersion = 10.0.40219.1
Project("{FAE04EC0-301F-11D3-BF4B-00C04F79EFBC}") = "Shared.Domain", "Shared.Domain\Shared.Domain.csproj", "{7A27DFFA-8F5D-425F-942B-5E8B9C79BDDB}"
EndProject
Project("{FAE04EC0-301F-11D3-BF4B-00C04F79EFBC}") = "Shared.Application", "Shared.Application\Shared.Application.csproj", "{8BCA2539-EF8A-4F92-9DD9-C6B5F7849C91}"
EndProject
Project("{FAE04EC0-301F-11D3-BF4B-00C04F79EFBC}") = "Shared.Presentation", "Shared.Presentation\Shared.Presentation.csproj", "{A81DEA31-BA5C-40DE-9119-A3A0C4EE860A}"
EndProject
Project("{FAE04EC0-301F-11D3-BF4B-00C04F79EFBC}") = "Shared.Queues", "Shared.Queues\Shared.Queues.csproj", "{C3E1F7C0-1A2B-4C3D-9E4F-5A6B7C8D9E0F}"
EndProject
Global
	GlobalSection(SolutionConfigurationPlatforms) = preSolution
		Debug|Any CPU = Debug|Any CPU
		Release|Any CPU = Release|Any CPU
	EndGlobalSection
	GlobalSection(SolutionProperties) = preSolution
		HideSolutionNode = FALSE
	EndGlobalSection
	GlobalSection(ProjectConfigurationPlatforms) = postSolution
		{7A27DFFA-8F5D-425F-942B-5E8B9C79BDDB}.Debug|Any CPU.ActiveCfg = Debug|Any CPU
		{7A27DFFA-8F5D-425F-942B-5E8B9C79BDDB}.Debug|Any CPU.Build.0 = Debug|Any CPU
		{7A27DFFA-8F5D-425F-942B-5E8B9C79BDDB}.Release|Any CPU.ActiveCfg = Release|Any CPU
		{7A27DFFA-8F5D-425F-942B-5E8B9C79BDDB}.Release|Any CPU.Build.0 = Release|Any CPU
		{8BCA2539-EF8A-4F92-9DD9-C6B5F7849C91}.Debug|Any CPU.ActiveCfg = Debug|Any CPU
		{8BCA2539-EF8A-4F92-9DD9-C6B5F7849C91}.Debug|Any CPU.Build.0 = Debug|Any CPU
		{8BCA2539-EF8A-4F92-9DD9-C6B5F7849C91}.Release|Any CPU.ActiveCfg = Release|Any CPU
		{8BCA2539-EF8A-4F92-9DD9-C6B5F7849C91}.Release|Any CPU.Build.0 = Release|Any CPU
		{A81DEA31-BA5C-40DE-9119-A3A0C4EE860A}.Debug|Any CPU.ActiveCfg = Debug|Any CPU
		{A81DEA31-BA5C-40DE-9119-A3A0C4EE860A}.Debug|Any CPU.Build.0 = Debug|Any CPU
		{A81DEA31-BA5C-40DE-9119-A3A0C4EE860A}.Release|Any CPU.ActiveCfg = Release|Any CPU
		{A81DEA31-BA5C-40DE-9119-A3A0C4EE860A}.Release|Any CPU.Build.0 = Release|Any CPU
		{C3E1F7C0-1A2B-4C3D-9E4F-5A6B7C8D9E0F}.Debug|Any CPU.ActiveCfg = Debug|Any CPU
		{C3E1F7C0-1A2B-4C3D-9E4F-5A6B7C8D9E0F}.Debug|Any CPU.Build.0 = Debug|Any CPU
		{C3E1F7C0-1A2B-4C3D-9E4F-5A6B7C8D9E0F}.Release|Any CPU.ActiveCfg = Release|Any CPU
		{C3E1F7C0-1A2B-4C3D-9E4F-5A6B7C8D9E0F}.Release|Any CPU.Build.0 = Release|Any CPU
	EndGlobalSection
EndGlobal
